PODS:
  - RxCocoa (3.4.1):
    - RxSwift (~> 3.4)
  - RxSwift (3.4.1)

DEPENDENCIES:
  - RxCocoa (~> 3.0)
  - RxSwift (~> 3.0)

SPEC CHECKSUMS:
  RxCocoa: a8a5f1d061d0043e28f56976829f31ce63e8eb09
  RxSwift: 656f8fbeca5bc372121a72d9ebdd3cd3bc0ffade

PODFILE CHECKSUM: 6954231ef5d17dd688f5b714fd2297877bc82555

COCOAPODS: 1.2.0
